
Microsoft Visual Studio Solution File, Format Version 12.00
# Visual Studio Version 17
VisualStudioVersion = 17.10.35013.160
MinimumVisualStudioVersion = 10.0.40219.1
Project("{FAE04EC0-301F-11D3-BF4B-00C04F79EFBC}") = "RabanutTestWeek4", "RabanutTestWeek4\RabanutTestWeek4.csproj", "{531EEA1E-8D80-4081-90B3-943A6C780844}"
EndProject
Global
	GlobalSection(SolutionConfigurationPlatforms) = preSolution
		Debug|Any CPU = Debug|Any CPU
		Release|Any CPU = Release|Any CPU
	EndGlobalSection
	GlobalSection(ProjectConfigurationPlatforms) = postSolution
		{531EEA1E-8D80-4081-90B3-943A6C780844}.Debug|Any CPU.ActiveCfg = Debug|Any CPU
		{531EEA1E-8D80-4081-90B3-943A6C780844}.Debug|Any CPU.Build.0 = Debug|Any CPU
		{531EEA1E-8D80-4081-90B3-943A6C780844}.Release|Any CPU.ActiveCfg = Release|Any CPU
		{531EEA1E-8D80-4081-90B3-943A6C780844}.Release|Any CPU.Build.0 = Release|Any CPU
	EndGlobalSection
	GlobalSection(SolutionProperties) = preSolution
		HideSolutionNode = FALSE
	EndGlobalSection
	GlobalSection(ExtensibilityGlobals) = postSolution
		SolutionGuid = {E53F861D-A9B0-4E8C-A18F-331F1616304E}
	EndGlobalSection
EndGlobal
